{
  "version": 4,
  "terraform_version": "1.6.3",
  "serial": 26,
  "lineage": "41f61774-4d0a-e3c6-6272-dbb104205811",
  "outputs": {
    "vlan_interface_ips": {
      "value": [
        "VLAN100 - IP: 10.1.100.1/24",
        "VLAN200 - IP: 10.2.100.1/24",
        "VLAN300 - IP: 10.3.100.1/24"
      ],
      "type": [
        "tuple",
        [
          "string",
          "string",
          "string"
        ]
      ]
    },
    "wan1_details": {
      "value": {
        "gateway_ip": "192.168.1.1",
        "interface_name": "wan1"
      },
      "type": [
        "object",
        {
          "gateway_ip": "string",
          "interface_name": "string"
        }
      ]
    }
  },
  "resources": [
    {
      "mode": "managed",
      "type": "fortios_system_interface",
      "name": "vlan_interfaces",
      "provider": "provider[\"registry.terraform.io/fortinetdev/fortios\"]",
      "instances": [
        {
          "index_key": "100",
          "schema_version": 0,
          "attributes": {
            "ac_name": "",
            "aggregate": "",
            "aggregate_type": "physical",
            "algorithm": "L4",
            "alias": "",
            "allowaccess": "ping https ssh http",
            "ap_discover": "enable",
            "arpforward": "enable",
            "auth_cert": "",
            "auth_portal_addr": "",
            "auth_type": "auto",
            "auto_auth_extension_device": "disable",
            "autogenerated": null,
            "bandwidth_measure_time": 0,
            "bfd": "global",
            "bfd_desired_min_tx": 250,
            "bfd_detect_mult": 3,
            "bfd_required_min_rx": 250,
            "broadcast_forticlient_discovery": "",
            "broadcast_forward": "disable",
            "captive_portal": 0,
            "cli_conn_status": 0,
            "client_options": [],
            "color": 0,
            "dedicated_to": "none",
            "default_purdue_level": "",
            "defaultgw": "enable",
            "description": "",
            "detected_peer_mtu": 0,
            "detectprotocol": "ping",
            "detectserver": "",
            "device_access_list": "",
            "device_identification": "disable",
            "device_identification_active_scan": "",
            "device_netscan": "",
            "device_user_identification": "enable",
            "devindex": 45,
            "dhcp_broadcast_flag": "",
            "dhcp_classless_route_addition": "disable",
            "dhcp_client_identifier": "",
            "dhcp_relay_agent_option": "enable",
            "dhcp_relay_circuit_id": "",
            "dhcp_relay_interface": "",
            "dhcp_relay_interface_select_method": "auto",
            "dhcp_relay_ip": "",
            "dhcp_relay_link_selection": "0.0.0.0",
            "dhcp_relay_request_all_server": "disable",
            "dhcp_relay_service": "disable",
            "dhcp_relay_source_ip": "",
            "dhcp_relay_type": "regular",
            "dhcp_renew_time": 0,
            "dhcp_smart_relay": "",
            "dhcp_snooping_server_list": [],
            "disc_retry_timeout": 1,
            "disconnect_threshold": 0,
            "distance": 5,
            "dns_server_override": "enable",
            "dns_server_protocol": "cleartext",
            "drop_fragment": "disable",
            "drop_overlapped_fragment": "disable",
            "dynamic_sort_subtable": "false",
            "eap_ca_cert": "",
            "eap_identity": "",
            "eap_method": "",
            "eap_password": null,
            "eap_supplicant": "disable",
            "eap_user_cert": "",
            "egress_shaping_profile": "",
            "endpoint_compliance": "",
            "estimated_downstream_bandwidth": 0,
            "estimated_upstream_bandwidth": 0,
            "explicit_ftp_proxy": "disable",
            "explicit_web_proxy": "disable",
            "external": "disable",
            "fail_action_on_extender": "soft-restart",
            "fail_alert_interfaces": [],
            "fail_alert_method": "link-down",
            "fail_detect": "disable",
            "fail_detect_option": "link-down",
            "fortiheartbeat": "",
            "fortilink": "disable",
            "fortilink_backup_link": 0,
            "fortilink_neighbor_detect": "fortilink",
            "fortilink_split_interface": "enable",
            "fortilink_stacking": "",
            "forward_domain": 0,
            "forward_error_correction": "",
            "get_all_tables": "false",
            "gwdetect": "disable",
            "ha_priority": 1,
            "icmp_accept_redirect": "enable",
            "icmp_send_redirect": "enable",
            "id": "vlan100",
            "ident_accept": "disable",
            "idle_timeout": 0,
            "ike_saml_server": "",
            "inbandwidth": 0,
            "ingress_shaping_profile": "",
            "ingress_spillover_threshold": 0,
            "interface": "port1",
            "internal": 0,
            "ip": "10.1.100.1/24",
            "ip_managed_by_fortiipam": "disable",
            "ipmac": "disable",
            "ips_sniffer_mode": "disable",
            "ipunnumbered": "0.0.0.0",
            "ipv6": [],
            "l2forward": "disable",
            "lacp_ha_secondary": "enable",
            "lacp_ha_slave": "",
            "lacp_mode": "active",
            "lacp_speed": "slow",
            "lcp_echo_interval": 5,
            "lcp_max_echo_fails": 3,
            "link_up_delay": 50,
            "lldp_network_policy": "",
            "lldp_reception": "vdom",
            "lldp_transmission": "vdom",
            "macaddr": "00:00:00:00:00:00",
            "managed_device": [],
            "managed_subnetwork_size": "256",
            "management_ip": "0.0.0.0 0.0.0.0",
            "measured_downstream_bandwidth": 0,
            "measured_upstream_bandwidth": 0,
            "mediatype": "",
            "member": [],
            "min_links": 1,
            "min_links_down": "operational",
            "mode": "static",
            "monitor_bandwidth": "disable",
            "mtu": 1500,
            "mtu_override": "disable",
            "name": "vlan100",
            "ndiscforward": "enable",
            "netbios_forward": "disable",
            "netflow_sampler": "disable",
            "outbandwidth": 0,
            "padt_retry_timeout": 1,
            "password": null,
            "ping_serv_status": 0,
            "polling_interval": 20,
            "pppoe_unnumbered_negotiate": "enable",
            "pptp_auth_type": "auto",
            "pptp_client": "disable",
            "pptp_password": null,
            "pptp_server_ip": "0.0.0.0",
            "pptp_timeout": 0,
            "pptp_user": "",
            "preserve_session_route": "disable",
            "priority": 1,
            "priority_override": "enable",
            "proxy_captive_portal": "disable",
            "reachable_time": 30000,
            "redundant_interface": "",
            "remote_ip": "0.0.0.0 0.0.0.0",
            "replacemsg_override_group": "",
            "ring_rx": 0,
            "ring_tx": 0,
            "role": "lan",
            "sample_direction": "both",
            "sample_rate": 2000,
            "scan_botnet_connections": "",
            "secondary_ip": "disable",
            "secondaryip": [],
            "security_exempt_list": "",
            "security_external_logout": "",
            "security_external_web": "",
            "security_groups": [],
            "security_mac_auth_bypass": "disable",
            "security_mode": "none",
            "security_redirect_url": "",
            "service_name": "",
            "sflow_sampler": "disable",
            "snmp_index": 35,
            "speed": "auto",
            "spillover_threshold": 0,
            "src_check": "enable",
            "status": "up",
            "stp": "disable",
            "stp_ha_secondary": "priority-adjust",
            "stpforward": "disable",
            "stpforward_mode": "rpl-all-ext-id",
            "subst": "disable",
            "substitute_dst_mac": "00:00:00:00:00:00",
            "swc_first_create": 0,
            "swc_vlan": 0,
            "switch": "",
            "switch_controller_access_vlan": "disable",
            "switch_controller_arp_inspection": "disable",
            "switch_controller_dhcp_snooping": "disable",
            "switch_controller_dhcp_snooping_option82": "disable",
            "switch_controller_dhcp_snooping_verify_mac": "disable",
            "switch_controller_dynamic": "",
            "switch_controller_feature": "none",
            "switch_controller_igmp_snooping": "disable",
            "switch_controller_igmp_snooping_fast_leave": "disable",
            "switch_controller_igmp_snooping_proxy": "disable",
            "switch_controller_iot_scanning": "disable",
            "switch_controller_learning_limit": 0,
            "switch_controller_mgmt_vlan": 4094,
            "switch_controller_nac": "",
            "switch_controller_netflow_collect": "disable",
            "switch_controller_offload": "",
            "switch_controller_offload_gw": "",
            "switch_controller_offload_ip": "",
            "switch_controller_rspan_mode": "disable",
            "switch_controller_source_ip": "outbound",
            "switch_controller_traffic_policy": "",
            "system_id": "00:00:00:00:00:00",
            "system_id_type": "auto",
            "tagging": [],
            "tcp_mss": 0,
            "trunk": "disable",
            "trust_ip6_1": "::/0",
            "trust_ip6_2": "::/0",
            "trust_ip6_3": "::/0",
            "trust_ip_1": "0.0.0.0 0.0.0.0",
            "trust_ip_2": "0.0.0.0 0.0.0.0",
            "trust_ip_3": "0.0.0.0 0.0.0.0",
            "type": "vlan",
            "username": "",
            "vdom": "root",
            "vdomparam": null,
            "vindex": 0,
            "vlan_protocol": "8021q",
            "vlanforward": "disable",
            "vlanid": 100,
            "vrf": 0,
            "vrrp": [],
            "vrrp_virtual_mac": "disable",
            "wccp": "disable",
            "weight": 0,
            "wins_ip": "0.0.0.0"
          },
          "sensitive_attributes": [],
          "private": "bnVsbA=="
        },
        {
          "index_key": "200",
          "schema_version": 0,
          "attributes": {
            "ac_name": "",
            "aggregate": "",
            "aggregate_type": "physical",
            "algorithm": "L4",
            "alias": "",
            "allowaccess": "ping https ssh http",
            "ap_discover": "enable",
            "arpforward": "enable",
            "auth_cert": "",
            "auth_portal_addr": "",
            "auth_type": "auto",
            "auto_auth_extension_device": "disable",
            "autogenerated": null,
            "bandwidth_measure_time": 0,
            "bfd": "global",
            "bfd_desired_min_tx": 250,
            "bfd_detect_mult": 3,
            "bfd_required_min_rx": 250,
            "broadcast_forticlient_discovery": "",
            "broadcast_forward": "disable",
            "captive_portal": 0,
            "cli_conn_status": 0,
            "client_options": [],
            "color": 0,
            "dedicated_to": "none",
            "default_purdue_level": "",
            "defaultgw": "enable",
            "description": "",
            "detected_peer_mtu": 0,
            "detectprotocol": "ping",
            "detectserver": "",
            "device_access_list": "",
            "device_identification": "disable",
            "device_identification_active_scan": "",
            "device_netscan": "",
            "device_user_identification": "enable",
            "devindex": 46,
            "dhcp_broadcast_flag": "",
            "dhcp_classless_route_addition": "disable",
            "dhcp_client_identifier": "",
            "dhcp_relay_agent_option": "enable",
            "dhcp_relay_circuit_id": "",
            "dhcp_relay_interface": "",
            "dhcp_relay_interface_select_method": "auto",
            "dhcp_relay_ip": "",
            "dhcp_relay_link_selection": "0.0.0.0",
            "dhcp_relay_request_all_server": "disable",
            "dhcp_relay_service": "disable",
            "dhcp_relay_source_ip": "",
            "dhcp_relay_type": "regular",
            "dhcp_renew_time": 0,
            "dhcp_smart_relay": "",
            "dhcp_snooping_server_list": [],
            "disc_retry_timeout": 1,
            "disconnect_threshold": 0,
            "distance": 5,
            "dns_server_override": "enable",
            "dns_server_protocol": "cleartext",
            "drop_fragment": "disable",
            "drop_overlapped_fragment": "disable",
            "dynamic_sort_subtable": "false",
            "eap_ca_cert": "",
            "eap_identity": "",
            "eap_method": "",
            "eap_password": null,
            "eap_supplicant": "disable",
            "eap_user_cert": "",
            "egress_shaping_profile": "",
            "endpoint_compliance": "",
            "estimated_downstream_bandwidth": 0,
            "estimated_upstream_bandwidth": 0,
            "explicit_ftp_proxy": "disable",
            "explicit_web_proxy": "disable",
            "external": "disable",
            "fail_action_on_extender": "soft-restart",
            "fail_alert_interfaces": [],
            "fail_alert_method": "link-down",
            "fail_detect": "disable",
            "fail_detect_option": "link-down",
            "fortiheartbeat": "",
            "fortilink": "disable",
            "fortilink_backup_link": 0,
            "fortilink_neighbor_detect": "fortilink",
            "fortilink_split_interface": "enable",
            "fortilink_stacking": "",
            "forward_domain": 0,
            "forward_error_correction": "",
            "get_all_tables": "false",
            "gwdetect": "disable",
            "ha_priority": 1,
            "icmp_accept_redirect": "enable",
            "icmp_send_redirect": "enable",
            "id": "vlan200",
            "ident_accept": "disable",
            "idle_timeout": 0,
            "ike_saml_server": "",
            "inbandwidth": 0,
            "ingress_shaping_profile": "",
            "ingress_spillover_threshold": 0,
            "interface": "port1",
            "internal": 0,
            "ip": "10.2.100.1/24",
            "ip_managed_by_fortiipam": "disable",
            "ipmac": "disable",
            "ips_sniffer_mode": "disable",
            "ipunnumbered": "0.0.0.0",
            "ipv6": [],
            "l2forward": "disable",
            "lacp_ha_secondary": "enable",
            "lacp_ha_slave": "",
            "lacp_mode": "active",
            "lacp_speed": "slow",
            "lcp_echo_interval": 5,
            "lcp_max_echo_fails": 3,
            "link_up_delay": 50,
            "lldp_network_policy": "",
            "lldp_reception": "vdom",
            "lldp_transmission": "vdom",
            "macaddr": "00:00:00:00:00:00",
            "managed_device": [],
            "managed_subnetwork_size": "256",
            "management_ip": "0.0.0.0 0.0.0.0",
            "measured_downstream_bandwidth": 0,
            "measured_upstream_bandwidth": 0,
            "mediatype": "",
            "member": [],
            "min_links": 1,
            "min_links_down": "operational",
            "mode": "static",
            "monitor_bandwidth": "disable",
            "mtu": 1500,
            "mtu_override": "disable",
            "name": "vlan200",
            "ndiscforward": "enable",
            "netbios_forward": "disable",
            "netflow_sampler": "disable",
            "outbandwidth": 0,
            "padt_retry_timeout": 1,
            "password": null,
            "ping_serv_status": 0,
            "polling_interval": 20,
            "pppoe_unnumbered_negotiate": "enable",
            "pptp_auth_type": "auto",
            "pptp_client": "disable",
            "pptp_password": null,
            "pptp_server_ip": "0.0.0.0",
            "pptp_timeout": 0,
            "pptp_user": "",
            "preserve_session_route": "disable",
            "priority": 1,
            "priority_override": "enable",
            "proxy_captive_portal": "disable",
            "reachable_time": 30000,
            "redundant_interface": "",
            "remote_ip": "0.0.0.0 0.0.0.0",
            "replacemsg_override_group": "",
            "ring_rx": 0,
            "ring_tx": 0,
            "role": "lan",
            "sample_direction": "both",
            "sample_rate": 2000,
            "scan_botnet_connections": "",
            "secondary_ip": "disable",
            "secondaryip": [],
            "security_exempt_list": "",
            "security_external_logout": "",
            "security_external_web": "",
            "security_groups": [],
            "security_mac_auth_bypass": "disable",
            "security_mode": "none",
            "security_redirect_url": "",
            "service_name": "",
            "sflow_sampler": "disable",
            "snmp_index": 36,
            "speed": "auto",
            "spillover_threshold": 0,
            "src_check": "enable",
            "status": "up",
            "stp": "disable",
            "stp_ha_secondary": "priority-adjust",
            "stpforward": "disable",
            "stpforward_mode": "rpl-all-ext-id",
            "subst": "disable",
            "substitute_dst_mac": "00:00:00:00:00:00",
            "swc_first_create": 0,
            "swc_vlan": 0,
            "switch": "",
            "switch_controller_access_vlan": "disable",
            "switch_controller_arp_inspection": "disable",
            "switch_controller_dhcp_snooping": "disable",
            "switch_controller_dhcp_snooping_option82": "disable",
            "switch_controller_dhcp_snooping_verify_mac": "disable",
            "switch_controller_dynamic": "",
            "switch_controller_feature": "none",
            "switch_controller_igmp_snooping": "disable",
            "switch_controller_igmp_snooping_fast_leave": "disable",
            "switch_controller_igmp_snooping_proxy": "disable",
            "switch_controller_iot_scanning": "disable",
            "switch_controller_learning_limit": 0,
            "switch_controller_mgmt_vlan": 4094,
            "switch_controller_nac": "",
            "switch_controller_netflow_collect": "disable",
            "switch_controller_offload": "",
            "switch_controller_offload_gw": "",
            "switch_controller_offload_ip": "",
            "switch_controller_rspan_mode": "disable",
            "switch_controller_source_ip": "outbound",
            "switch_controller_traffic_policy": "",
            "system_id": "00:00:00:00:00:00",
            "system_id_type": "auto",
            "tagging": [],
            "tcp_mss": 0,
            "trunk": "disable",
            "trust_ip6_1": "::/0",
            "trust_ip6_2": "::/0",
            "trust_ip6_3": "::/0",
            "trust_ip_1": "0.0.0.0 0.0.0.0",
            "trust_ip_2": "0.0.0.0 0.0.0.0",
            "trust_ip_3": "0.0.0.0 0.0.0.0",
            "type": "vlan",
            "username": "",
            "vdom": "root",
            "vdomparam": null,
            "vindex": 0,
            "vlan_protocol": "8021q",
            "vlanforward": "disable",
            "vlanid": 200,
            "vrf": 0,
            "vrrp": [],
            "vrrp_virtual_mac": "disable",
            "wccp": "disable",
            "weight": 0,
            "wins_ip": "0.0.0.0"
          },
          "sensitive_attributes": [],
          "private": "bnVsbA=="
        },
        {
          "index_key": "300",
          "schema_version": 0,
          "attributes": {
            "ac_name": "",
            "aggregate": "",
            "aggregate_type": "physical",
            "algorithm": "L4",
            "alias": "",
            "allowaccess": "ping https ssh http",
            "ap_discover": "enable",
            "arpforward": "enable",
            "auth_cert": "",
            "auth_portal_addr": "",
            "auth_type": "auto",
            "auto_auth_extension_device": "disable",
            "autogenerated": null,
            "bandwidth_measure_time": 0,
            "bfd": "global",
            "bfd_desired_min_tx": 250,
            "bfd_detect_mult": 3,
            "bfd_required_min_rx": 250,
            "broadcast_forticlient_discovery": "",
            "broadcast_forward": "disable",
            "captive_portal": 0,
            "cli_conn_status": 0,
            "client_options": [],
            "color": 0,
            "dedicated_to": "none",
            "default_purdue_level": "",
            "defaultgw": "enable",
            "description": "",
            "detected_peer_mtu": 0,
            "detectprotocol": "ping",
            "detectserver": "",
            "device_access_list": "",
            "device_identification": "disable",
            "device_identification_active_scan": "",
            "device_netscan": "",
            "device_user_identification": "enable",
            "devindex": 47,
            "dhcp_broadcast_flag": "",
            "dhcp_classless_route_addition": "disable",
            "dhcp_client_identifier": "",
            "dhcp_relay_agent_option": "enable",
            "dhcp_relay_circuit_id": "",
            "dhcp_relay_interface": "",
            "dhcp_relay_interface_select_method": "auto",
            "dhcp_relay_ip": "",
            "dhcp_relay_link_selection": "0.0.0.0",
            "dhcp_relay_request_all_server": "disable",
            "dhcp_relay_service": "disable",
            "dhcp_relay_source_ip": "",
            "dhcp_relay_type": "regular",
            "dhcp_renew_time": 0,
            "dhcp_smart_relay": "",
            "dhcp_snooping_server_list": [],
            "disc_retry_timeout": 1,
            "disconnect_threshold": 0,
            "distance": 5,
            "dns_server_override": "enable",
            "dns_server_protocol": "cleartext",
            "drop_fragment": "disable",
            "drop_overlapped_fragment": "disable",
            "dynamic_sort_subtable": "false",
            "eap_ca_cert": "",
            "eap_identity": "",
            "eap_method": "",
            "eap_password": null,
            "eap_supplicant": "disable",
            "eap_user_cert": "",
            "egress_shaping_profile": "",
            "endpoint_compliance": "",
            "estimated_downstream_bandwidth": 0,
            "estimated_upstream_bandwidth": 0,
            "explicit_ftp_proxy": "disable",
            "explicit_web_proxy": "disable",
            "external": "disable",
            "fail_action_on_extender": "soft-restart",
            "fail_alert_interfaces": [],
            "fail_alert_method": "link-down",
            "fail_detect": "disable",
            "fail_detect_option": "link-down",
            "fortiheartbeat": "",
            "fortilink": "disable",
            "fortilink_backup_link": 0,
            "fortilink_neighbor_detect": "fortilink",
            "fortilink_split_interface": "enable",
            "fortilink_stacking": "",
            "forward_domain": 0,
            "forward_error_correction": "",
            "get_all_tables": "false",
            "gwdetect": "disable",
            "ha_priority": 1,
            "icmp_accept_redirect": "enable",
            "icmp_send_redirect": "enable",
            "id": "vlan300",
            "ident_accept": "disable",
            "idle_timeout": 0,
            "ike_saml_server": "",
            "inbandwidth": 0,
            "ingress_shaping_profile": "",
            "ingress_spillover_threshold": 0,
            "interface": "port1",
            "internal": 0,
            "ip": "10.3.100.1/24",
            "ip_managed_by_fortiipam": "disable",
            "ipmac": "disable",
            "ips_sniffer_mode": "disable",
            "ipunnumbered": "0.0.0.0",
            "ipv6": [],
            "l2forward": "disable",
            "lacp_ha_secondary": "enable",
            "lacp_ha_slave": "",
            "lacp_mode": "active",
            "lacp_speed": "slow",
            "lcp_echo_interval": 5,
            "lcp_max_echo_fails": 3,
            "link_up_delay": 50,
            "lldp_network_policy": "",
            "lldp_reception": "vdom",
            "lldp_transmission": "vdom",
            "macaddr": "00:00:00:00:00:00",
            "managed_device": [],
            "managed_subnetwork_size": "256",
            "management_ip": "0.0.0.0 0.0.0.0",
            "measured_downstream_bandwidth": 0,
            "measured_upstream_bandwidth": 0,
            "mediatype": "",
            "member": [],
            "min_links": 1,
            "min_links_down": "operational",
            "mode": "static",
            "monitor_bandwidth": "disable",
            "mtu": 1500,
            "mtu_override": "disable",
            "name": "vlan300",
            "ndiscforward": "enable",
            "netbios_forward": "disable",
            "netflow_sampler": "disable",
            "outbandwidth": 0,
            "padt_retry_timeout": 1,
            "password": null,
            "ping_serv_status": 0,
            "polling_interval": 20,
            "pppoe_unnumbered_negotiate": "enable",
            "pptp_auth_type": "auto",
            "pptp_client": "disable",
            "pptp_password": null,
            "pptp_server_ip": "0.0.0.0",
            "pptp_timeout": 0,
            "pptp_user": "",
            "preserve_session_route": "disable",
            "priority": 1,
            "priority_override": "enable",
            "proxy_captive_portal": "disable",
            "reachable_time": 30000,
            "redundant_interface": "",
            "remote_ip": "0.0.0.0 0.0.0.0",
            "replacemsg_override_group": "",
            "ring_rx": 0,
            "ring_tx": 0,
            "role": "lan",
            "sample_direction": "both",
            "sample_rate": 2000,
            "scan_botnet_connections": "",
            "secondary_ip": "disable",
            "secondaryip": [],
            "security_exempt_list": "",
            "security_external_logout": "",
            "security_external_web": "",
            "security_groups": [],
            "security_mac_auth_bypass": "disable",
            "security_mode": "none",
            "security_redirect_url": "",
            "service_name": "",
            "sflow_sampler": "disable",
            "snmp_index": 37,
            "speed": "auto",
            "spillover_threshold": 0,
            "src_check": "enable",
            "status": "up",
            "stp": "disable",
            "stp_ha_secondary": "priority-adjust",
            "stpforward": "disable",
            "stpforward_mode": "rpl-all-ext-id",
            "subst": "disable",
            "substitute_dst_mac": "00:00:00:00:00:00",
            "swc_first_create": 0,
            "swc_vlan": 0,
            "switch": "",
            "switch_controller_access_vlan": "disable",
            "switch_controller_arp_inspection": "disable",
            "switch_controller_dhcp_snooping": "disable",
            "switch_controller_dhcp_snooping_option82": "disable",
            "switch_controller_dhcp_snooping_verify_mac": "disable",
            "switch_controller_dynamic": "",
            "switch_controller_feature": "none",
            "switch_controller_igmp_snooping": "disable",
            "switch_controller_igmp_snooping_fast_leave": "disable",
            "switch_controller_igmp_snooping_proxy": "disable",
            "switch_controller_iot_scanning": "disable",
            "switch_controller_learning_limit": 0,
            "switch_controller_mgmt_vlan": 4094,
            "switch_controller_nac": "",
            "switch_controller_netflow_collect": "disable",
            "switch_controller_offload": "",
            "switch_controller_offload_gw": "",
            "switch_controller_offload_ip": "",
            "switch_controller_rspan_mode": "disable",
            "switch_controller_source_ip": "outbound",
            "switch_controller_traffic_policy": "",
            "system_id": "00:00:00:00:00:00",
            "system_id_type": "auto",
            "tagging": [],
            "tcp_mss": 0,
            "trunk": "disable",
            "trust_ip6_1": "::/0",
            "trust_ip6_2": "::/0",
            "trust_ip6_3": "::/0",
            "trust_ip_1": "0.0.0.0 0.0.0.0",
            "trust_ip_2": "0.0.0.0 0.0.0.0",
            "trust_ip_3": "0.0.0.0 0.0.0.0",
            "type": "vlan",
            "username": "",
            "vdom": "root",
            "vdomparam": null,
            "vindex": 0,
            "vlan_protocol": "8021q",
            "vlanforward": "disable",
            "vlanid": 300,
            "vrf": 0,
            "vrrp": [],
            "vrrp_virtual_mac": "disable",
            "wccp": "disable",
            "weight": 0,
            "wins_ip": "0.0.0.0"
          },
          "sensitive_attributes": [],
          "private": "bnVsbA=="
        }
      ]
    },
    {
      "mode": "managed",
      "type": "fortios_system_interface",
      "name": "wan1",
      "provider": "provider[\"registry.terraform.io/fortinetdev/fortios\"]",
      "instances": [
        {
          "schema_version": 0,
          "attributes": {
            "ac_name": "",
            "aggregate": "",
            "aggregate_type": "physical",
            "algorithm": "L4",
            "alias": "",
            "allowaccess": "ping",
            "ap_discover": "enable",
            "arpforward": "enable",
            "auth_cert": "",
            "auth_portal_addr": "",
            "auth_type": "auto",
            "auto_auth_extension_device": "disable",
            "autogenerated": null,
            "bandwidth_measure_time": 0,
            "bfd": "global",
            "bfd_desired_min_tx": 250,
            "bfd_detect_mult": 3,
            "bfd_required_min_rx": 250,
            "broadcast_forticlient_discovery": "",
            "broadcast_forward": "disable",
            "captive_portal": 0,
            "cli_conn_status": 0,
            "client_options": [],
            "color": 0,
            "dedicated_to": "none",
            "default_purdue_level": "",
            "defaultgw": "enable",
            "description": "",
            "detected_peer_mtu": 0,
            "detectprotocol": "ping",
            "detectserver": "",
            "device_access_list": "",
            "device_identification": "disable",
            "device_identification_active_scan": "",
            "device_netscan": "",
            "device_user_identification": "enable",
            "devindex": 7,
            "dhcp_broadcast_flag": "",
            "dhcp_classless_route_addition": "disable",
            "dhcp_client_identifier": "",
            "dhcp_relay_agent_option": "enable",
            "dhcp_relay_circuit_id": "",
            "dhcp_relay_interface": "",
            "dhcp_relay_interface_select_method": "auto",
            "dhcp_relay_ip": "",
            "dhcp_relay_link_selection": "0.0.0.0",
            "dhcp_relay_request_all_server": "disable",
            "dhcp_relay_service": "disable",
            "dhcp_relay_source_ip": "",
            "dhcp_relay_type": "regular",
            "dhcp_renew_time": 0,
            "dhcp_smart_relay": "",
            "dhcp_snooping_server_list": [],
            "disc_retry_timeout": 1,
            "disconnect_threshold": 0,
            "distance": 5,
            "dns_server_override": "enable",
            "dns_server_protocol": "cleartext",
            "drop_fragment": "disable",
            "drop_overlapped_fragment": "disable",
            "dynamic_sort_subtable": "false",
            "eap_ca_cert": "",
            "eap_identity": "",
            "eap_method": "",
            "eap_password": null,
            "eap_supplicant": "disable",
            "eap_user_cert": "",
            "egress_shaping_profile": "",
            "endpoint_compliance": "",
            "estimated_downstream_bandwidth": 0,
            "estimated_upstream_bandwidth": 0,
            "explicit_ftp_proxy": "disable",
            "explicit_web_proxy": "disable",
            "external": "disable",
            "fail_action_on_extender": "soft-restart",
            "fail_alert_interfaces": [],
            "fail_alert_method": "link-down",
            "fail_detect": "disable",
            "fail_detect_option": "link-down",
            "fortiheartbeat": "",
            "fortilink": "disable",
            "fortilink_backup_link": 0,
            "fortilink_neighbor_detect": "fortilink",
            "fortilink_split_interface": "enable",
            "fortilink_stacking": "",
            "forward_domain": 0,
            "forward_error_correction": "",
            "get_all_tables": "false",
            "gwdetect": "disable",
            "ha_priority": 1,
            "icmp_accept_redirect": "enable",
            "icmp_send_redirect": "enable",
            "id": "wan1",
            "ident_accept": "disable",
            "idle_timeout": 0,
            "ike_saml_server": "",
            "inbandwidth": 0,
            "ingress_shaping_profile": "",
            "ingress_spillover_threshold": 0,
            "interface": "",
            "internal": 0,
            "ip": "0.0.0.0 0.0.0.0",
            "ip_managed_by_fortiipam": "disable",
            "ipmac": "disable",
            "ips_sniffer_mode": "disable",
            "ipunnumbered": "0.0.0.0",
            "ipv6": null,
            "l2forward": "disable",
            "lacp_ha_secondary": "enable",
            "lacp_ha_slave": "",
            "lacp_mode": "active",
            "lacp_speed": "slow",
            "lcp_echo_interval": 5,
            "lcp_max_echo_fails": 3,
            "link_up_delay": 50,
            "lldp_network_policy": "",
            "lldp_reception": "vdom",
            "lldp_transmission": "vdom",
            "macaddr": "",
            "managed_device": [],
            "managed_subnetwork_size": "256",
            "management_ip": "0.0.0.0 0.0.0.0",
            "measured_downstream_bandwidth": 0,
            "measured_upstream_bandwidth": 0,
            "mediatype": "",
            "member": [],
            "min_links": 1,
            "min_links_down": "operational",
            "mode": "dhcp",
            "monitor_bandwidth": "disable",
            "mtu": 1500,
            "mtu_override": "disable",
            "name": "wan1",
            "ndiscforward": "enable",
            "netbios_forward": "disable",
            "netflow_sampler": "disable",
            "outbandwidth": 0,
            "padt_retry_timeout": 1,
            "password": null,
            "ping_serv_status": 0,
            "polling_interval": 20,
            "pppoe_unnumbered_negotiate": "enable",
            "pptp_auth_type": "auto",
            "pptp_client": "disable",
            "pptp_password": null,
            "pptp_server_ip": "0.0.0.0",
            "pptp_timeout": 0,
            "pptp_user": "",
            "preserve_session_route": "disable",
            "priority": 1,
            "priority_override": "enable",
            "proxy_captive_portal": "disable",
            "reachable_time": 30000,
            "redundant_interface": "",
            "remote_ip": "0.0.0.0 0.0.0.0",
            "replacemsg_override_group": "",
            "ring_rx": 0,
            "ring_tx": 0,
            "role": "wan",
            "sample_direction": "both",
            "sample_rate": 2000,
            "scan_botnet_connections": "",
            "secondary_ip": "disable",
            "secondaryip": [],
            "security_exempt_list": "",
            "security_external_logout": "",
            "security_external_web": "",
            "security_groups": [],
            "security_mac_auth_bypass": "disable",
            "security_mode": "none",
            "security_redirect_url": "",
            "service_name": "",
            "sflow_sampler": "disable",
            "snmp_index": 3,
            "speed": "auto",
            "spillover_threshold": 0,
            "src_check": "enable",
            "status": "up",
            "stp": "disable",
            "stp_ha_secondary": "priority-adjust",
            "stpforward": "disable",
            "stpforward_mode": "rpl-all-ext-id",
            "subst": "disable",
            "substitute_dst_mac": "00:00:00:00:00:00",
            "swc_first_create": 0,
            "swc_vlan": 0,
            "switch": "",
            "switch_controller_access_vlan": "disable",
            "switch_controller_arp_inspection": "disable",
            "switch_controller_dhcp_snooping": "disable",
            "switch_controller_dhcp_snooping_option82": "disable",
            "switch_controller_dhcp_snooping_verify_mac": "disable",
            "switch_controller_dynamic": "",
            "switch_controller_feature": "none",
            "switch_controller_igmp_snooping": "disable",
            "switch_controller_igmp_snooping_fast_leave": "disable",
            "switch_controller_igmp_snooping_proxy": "disable",
            "switch_controller_iot_scanning": "disable",
            "switch_controller_learning_limit": 0,
            "switch_controller_mgmt_vlan": 4094,
            "switch_controller_nac": "",
            "switch_controller_netflow_collect": "disable",
            "switch_controller_offload": "",
            "switch_controller_offload_gw": "",
            "switch_controller_offload_ip": "",
            "switch_controller_rspan_mode": "disable",
            "switch_controller_source_ip": "outbound",
            "switch_controller_traffic_policy": "",
            "system_id": "00:00:00:00:00:00",
            "system_id_type": "auto",
            "tagging": [],
            "tcp_mss": 0,
            "trunk": "disable",
            "trust_ip6_1": "::/0",
            "trust_ip6_2": "::/0",
            "trust_ip6_3": "::/0",
            "trust_ip_1": "0.0.0.0 0.0.0.0",
            "trust_ip_2": "0.0.0.0 0.0.0.0",
            "trust_ip_3": "0.0.0.0 0.0.0.0",
            "type": "physical",
            "username": "",
            "vdom": "root",
            "vdomparam": null,
            "vindex": 0,
            "vlan_protocol": "8021q",
            "vlanforward": "disable",
            "vlanid": 0,
            "vrf": 0,
            "vrrp": [],
            "vrrp_virtual_mac": "disable",
            "wccp": "disable",
            "weight": 0,
            "wins_ip": "0.0.0.0"
          },
          "sensitive_attributes": [],
          "private": "bnVsbA=="
        }
      ]
    }
  ],
  "check_results": null
}
